
Microsoft Visual Studio Solution File, Format Version 12.00
# Visual Studio Version 17
VisualStudioVersion = 17.8.34408.163
MinimumVisualStudioVersion = 10.0.40219.1
Project("{FAE04EC0-301F-11D3-BF4B-00C04F79EFBC}") = "ConsoleApp1", "ConsoleApp1\ConsoleApp1.csproj", "{C76619DA-9FCC-4E26-9D5C-D5D93D3229C4}"
EndProject
Project("{FAE04EC0-301F-11D3-BF4B-00C04F79EFBC}") = "q2", "q2\q2.csproj", "{D1A99924-B230-4643-8D3B-FC32A1FE26CC}"
EndProject
Project("{FAE04EC0-301F-11D3-BF4B-00C04F79EFBC}") = "q3", "q3\q3.csproj", "{C3C26B6C-F0BB-4A4B-9C99-719F6066B220}"
EndProject
Global
	GlobalSection(SolutionConfigurationPlatforms) = preSolution
		Debug|Any CPU = Debug|Any CPU
		Release|Any CPU = Release|Any CPU
	EndGlobalSection
	GlobalSection(ProjectConfigurationPlatforms) = postSolution
		{C76619DA-9FCC-4E26-9D5C-D5D93D3229C4}.Debug|Any CPU.ActiveCfg = Debug|Any CPU
		{C76619DA-9FCC-4E26-9D5C-D5D93D3229C4}.Debug|Any CPU.Build.0 = Debug|Any CPU
		{C76619DA-9FCC-4E26-9D5C-D5D93D3229C4}.Release|Any CPU.ActiveCfg = Release|Any CPU
		{C76619DA-9FCC-4E26-9D5C-D5D93D3229C4}.Release|Any CPU.Build.0 = Release|Any CPU
		{D1A99924-B230-4643-8D3B-FC32A1FE26CC}.Debug|Any CPU.ActiveCfg = Debug|Any CPU
		{D1A99924-B230-4643-8D3B-FC32A1FE26CC}.Debug|Any CPU.Build.0 = Debug|Any CPU
		{D1A99924-B230-4643-8D3B-FC32A1FE26CC}.Release|Any CPU.ActiveCfg = Release|Any CPU
		{D1A99924-B230-4643-8D3B-FC32A1FE26CC}.Release|Any CPU.Build.0 = Release|Any CPU
		{C3C26B6C-F0BB-4A4B-9C99-719F6066B220}.Debug|Any CPU.ActiveCfg = Debug|Any CPU
		{C3C26B6C-F0BB-4A4B-9C99-719F6066B220}.Debug|Any CPU.Build.0 = Debug|Any CPU
		{C3C26B6C-F0BB-4A4B-9C99-719F6066B220}.Release|Any CPU.ActiveCfg = Release|Any CPU
		{C3C26B6C-F0BB-4A4B-9C99-719F6066B220}.Release|Any CPU.Build.0 = Release|Any CPU
	EndGlobalSection
	GlobalSection(SolutionProperties) = preSolution
		HideSolutionNode = FALSE
	EndGlobalSection
	GlobalSection(ExtensibilityGlobals) = postSolution
		SolutionGuid = {1E31CE20-3E8E-44F4-AB9E-58F18ED148F6}
	EndGlobalSection
EndGlobal
